<?xml version="1.0" encoding="utf-8"?>
<Project ToolsVersion="4.0" xmlns="http://schemas.microsoft.com/developer/msbuild/2003">
  <ItemGroup>
    <Filter Include="Source Files">
      <UniqueIdentifier>{4FC737F1-C7A5-4376-A066-2A32D752A2FF}</UniqueIdentifier>
      <Extensions>cpp;c;cc;cxx;c++;cppm;ixx;def;odl;idl;hpj;bat;asm;asmx</Extensions>
    </Filter>
    <Filter Include="Header Files">
      <UniqueIdentifier>{93995380-89BD-4b04-88EB-625FBE52EBFB}</UniqueIdentifier>
      <Extensions>h;hh;hpp;hxx;h++;hm;inl;inc;ipp;xsd</Extensions>
    </Filter>
    <Filter Include="Resource Files">
      <UniqueIdentifier>{67DA6AB6-F800-4c08-8B7A-83BB121AAD01}</UniqueIdentifier>
      <Extensions>rc;ico;cur;bmp;dlg;rc2;rct;bin;rgs;gif;jpg;jpeg;jpe;resx;tiff;tif;png;wav;mfcribbon-ms</Extensions>
    </Filter>
    <Filter Include="Header Files\Graphics">
      <UniqueIdentifier>{9b3ea9e1-5a41-4bfa-9306-3e3d692546fb}</UniqueIdentifier>
    </Filter>
    <Filter Include="Header Files\Window">
      <UniqueIdentifier>{1e38ec00-db21-4399-ad46-7a682d856ed3}</UniqueIdentifier>
    </Filter>
    <Filter Include="Source Files\Window">
      <UniqueIdentifier>{0fd38cf1-1bb6-4b3f-b3ec-c24d4b8617cc}</UniqueIdentifier>
    </Filter>
    <Filter Include="Header Files\System">
      <UniqueIdentifier>{d16308a6-9c17-4a4d-ac66-37c35045d18e}</UniqueIdentifier>
    </Filter>
    <Filter Include="Source Files\System">
      <UniqueIdentifier>{95fa6f64-e932-4cb1-990e-37c0bd7fb524}</UniqueIdentifier>
    </Filter>
    <Filter Include="Header Files\Graphics\Detail">
      <UniqueIdentifier>{068d13d3-2c36-49d6-8579-50297aa03c38}</UniqueIdentifier>
    </Filter>
    <Filter Include="Header Files\System\Detail">
      <UniqueIdentifier>{9b6a2518-f09a-4033-8187-b0e26ce298bc}</UniqueIdentifier>
    </Filter>
    <Filter Include="Source Files\Graphics">
      <UniqueIdentifier>{e4edea7a-0272-4221-8155-cfc976db0dcc}</UniqueIdentifier>
    </Filter>
  </ItemGroup>
  <ItemGroup>
    <ClCompile Include="source\SFMLE\main.cpp">
      <Filter>Source Files</Filter>
    </ClCompile>
    <ClCompile Include="source\SFMLE\Window\Camera.cpp">
      <Filter>Source Files\Window</Filter>
    </ClCompile>
    <ClCompile Include="source\SFMLE\Window\Keyboard.cpp">
      <Filter>Source Files\Window</Filter>
    </ClCompile>
  </ItemGroup>
  <ItemGroup>
    <ClInclude Include="include\SFMLE\Graphics\Color.hpp">
      <Filter>Header Files\Graphics</Filter>
    </ClInclude>
    <ClInclude Include="include\SFMLE\Window\Camera.hpp">
      <Filter>Header Files\Window</Filter>
    </ClInclude>
    <ClInclude Include="include\SFMLE\Window\Keyboard.hpp">
      <Filter>Header Files\Window</Filter>
    </ClInclude>
    <ClInclude Include="include\SFMLE\System\Vector2.hpp">
      <Filter>Header Files\System</Filter>
    </ClInclude>
    <ClInclude Include="include\SFMLE\Common.hpp">
      <Filter>Header Files</Filter>
    </ClInclude>
    <ClInclude Include="include\SFMLE\System\Math.hpp">
      <Filter>Header Files\System</Filter>
    </ClInclude>
    <ClInclude Include="include\SFMLE\System\Rect.hpp">
      <Filter>Header Files\System</Filter>
    </ClInclude>
  </ItemGroup>
  <ItemGroup>
    <None Include="include\SFMLE\Graphics\Detail\Color.inl">
      <Filter>Header Files\Graphics\Detail</Filter>
    </None>
    <None Include="include\SFMLE\System\Detail\Vector2.inl">
      <Filter>Header Files\System\Detail</Filter>
    </None>
  </ItemGroup>
</Project>